
Microsoft Visual Studio Solution File, Format Version 12.00
# Visual Studio Version 17
VisualStudioVersion = 17.14.36518.9 d17.14
MinimumVisualStudioVersion = 10.0.40219.1
Project("{FAE04EC0-301F-11D3-BF4B-00C04F79EFBC}") = "TaxCalc", "TaxCalc\TaxCalc.csproj", "{C3AFA2B3-6D5D-451D-A571-EE24B99CDA5C}"
EndProject
Global
	GlobalSection(SolutionConfigurationPlatforms) = preSolution
		Debug|Any CPU = Debug|Any CPU
		Release|Any CPU = Release|Any CPU
	EndGlobalSection
	GlobalSection(ProjectConfigurationPlatforms) = postSolution
		{C3AFA2B3-6D5D-451D-A571-EE24B99CDA5C}.Debug|Any CPU.ActiveCfg = Debug|Any CPU
		{C3AFA2B3-6D5D-451D-A571-EE24B99CDA5C}.Debug|Any CPU.Build.0 = Debug|Any CPU
		{C3AFA2B3-6D5D-451D-A571-EE24B99CDA5C}.Release|Any CPU.ActiveCfg = Release|Any CPU
		{C3AFA2B3-6D5D-451D-A571-EE24B99CDA5C}.Release|Any CPU.Build.0 = Release|Any CPU
	EndGlobalSection
	GlobalSection(SolutionProperties) = preSolution
		HideSolutionNode = FALSE
	EndGlobalSection
	GlobalSection(ExtensibilityGlobals) = postSolution
		SolutionGuid = {D376C2DF-C04E-4260-A63C-4FAD96F797A1}
	EndGlobalSection
EndGlobal
